{
  "lockfileVersion": 1,
  "workspaces": {
    "": {
      "name": "hono-openapi-testing",
      "dependencies": {
        "@hono/standard-validator": "^0.1.5",
        "@rcmade/hono-docs": "^1.0.30",
        "@scalar/hono-api-reference": "^0.9.22",
        "hono": "^4.10.2",
        "hono-openapi": "^1.1.0",
        "zod": "^4.1.12",
      },
      "devDependencies": {
        "@types/bun": "latest",
      },
    },
  },
  "packages": {
    "@esbuild/aix-ppc64": ["@esbuild/aix-ppc64@0.25.11", "", { "os": "aix", "cpu": "ppc64" }, "sha512-Xt1dOL13m8u0WE8iplx9Ibbm+hFAO0GsU2P34UNoDGvZYkY8ifSiy6Zuc1lYxfG7svWE2fzqCUmFp5HCn51gJg=="],

    "@esbuild/android-arm": ["@esbuild/android-arm@0.25.11", "", { "os": "android", "cpu": "arm" }, "sha512-uoa7dU+Dt3HYsethkJ1k6Z9YdcHjTrSb5NUy66ZfZaSV8hEYGD5ZHbEMXnqLFlbBflLsl89Zke7CAdDJ4JI+Gg=="],

    "@esbuild/android-arm64": ["@esbuild/android-arm64@0.25.11", "", { "os": "android", "cpu": "arm64" }, "sha512-9slpyFBc4FPPz48+f6jyiXOx/Y4v34TUeDDXJpZqAWQn/08lKGeD8aDp9TMn9jDz2CiEuHwfhRmGBvpnd/PWIQ=="],

    "@esbuild/android-x64": ["@esbuild/android-x64@0.25.11", "", { "os": "android", "cpu": "x64" }, "sha512-Sgiab4xBjPU1QoPEIqS3Xx+R2lezu0LKIEcYe6pftr56PqPygbB7+szVnzoShbx64MUupqoE0KyRlN7gezbl8g=="],

    "@esbuild/darwin-arm64": ["@esbuild/darwin-arm64@0.25.11", "", { "os": "darwin", "cpu": "arm64" }, "sha512-VekY0PBCukppoQrycFxUqkCojnTQhdec0vevUL/EDOCnXd9LKWqD/bHwMPzigIJXPhC59Vd1WFIL57SKs2mg4w=="],

    "@esbuild/darwin-x64": ["@esbuild/darwin-x64@0.25.11", "", { "os": "darwin", "cpu": "x64" }, "sha512-+hfp3yfBalNEpTGp9loYgbknjR695HkqtY3d3/JjSRUyPg/xd6q+mQqIb5qdywnDxRZykIHs3axEqU6l1+oWEQ=="],

    "@esbuild/freebsd-arm64": ["@esbuild/freebsd-arm64@0.25.11", "", { "os": "freebsd", "cpu": "arm64" }, "sha512-CmKjrnayyTJF2eVuO//uSjl/K3KsMIeYeyN7FyDBjsR3lnSJHaXlVoAK8DZa7lXWChbuOk7NjAc7ygAwrnPBhA=="],

    "@esbuild/freebsd-x64": ["@esbuild/freebsd-x64@0.25.11", "", { "os": "freebsd", "cpu": "x64" }, "sha512-Dyq+5oscTJvMaYPvW3x3FLpi2+gSZTCE/1ffdwuM6G1ARang/mb3jvjxs0mw6n3Lsw84ocfo9CrNMqc5lTfGOw=="],

    "@esbuild/linux-arm": ["@esbuild/linux-arm@0.25.11", "", { "os": "linux", "cpu": "arm" }, "sha512-TBMv6B4kCfrGJ8cUPo7vd6NECZH/8hPpBHHlYI3qzoYFvWu2AdTvZNuU/7hsbKWqu/COU7NIK12dHAAqBLLXgw=="],

    "@esbuild/linux-arm64": ["@esbuild/linux-arm64@0.25.11", "", { "os": "linux", "cpu": "arm64" }, "sha512-Qr8AzcplUhGvdyUF08A1kHU3Vr2O88xxP0Tm8GcdVOUm25XYcMPp2YqSVHbLuXzYQMf9Bh/iKx7YPqECs6ffLA=="],

    "@esbuild/linux-ia32": ["@esbuild/linux-ia32@0.25.11", "", { "os": "linux", "cpu": "ia32" }, "sha512-TmnJg8BMGPehs5JKrCLqyWTVAvielc615jbkOirATQvWWB1NMXY77oLMzsUjRLa0+ngecEmDGqt5jiDC6bfvOw=="],

    "@esbuild/linux-loong64": ["@esbuild/linux-loong64@0.25.11", "", { "os": "linux", "cpu": "none" }, "sha512-DIGXL2+gvDaXlaq8xruNXUJdT5tF+SBbJQKbWy/0J7OhU8gOHOzKmGIlfTTl6nHaCOoipxQbuJi7O++ldrxgMw=="],

    "@esbuild/linux-mips64el": ["@esbuild/linux-mips64el@0.25.11", "", { "os": "linux", "cpu": "none" }, "sha512-Osx1nALUJu4pU43o9OyjSCXokFkFbyzjXb6VhGIJZQ5JZi8ylCQ9/LFagolPsHtgw6himDSyb5ETSfmp4rpiKQ=="],

    "@esbuild/linux-ppc64": ["@esbuild/linux-ppc64@0.25.11", "", { "os": "linux", "cpu": "ppc64" }, "sha512-nbLFgsQQEsBa8XSgSTSlrnBSrpoWh7ioFDUmwo158gIm5NNP+17IYmNWzaIzWmgCxq56vfr34xGkOcZ7jX6CPw=="],

    "@esbuild/linux-riscv64": ["@esbuild/linux-riscv64@0.25.11", "", { "os": "linux", "cpu": "none" }, "sha512-HfyAmqZi9uBAbgKYP1yGuI7tSREXwIb438q0nqvlpxAOs3XnZ8RsisRfmVsgV486NdjD7Mw2UrFSw51lzUk1ww=="],

    "@esbuild/linux-s390x": ["@esbuild/linux-s390x@0.25.11", "", { "os": "linux", "cpu": "s390x" }, "sha512-HjLqVgSSYnVXRisyfmzsH6mXqyvj0SA7pG5g+9W7ESgwA70AXYNpfKBqh1KbTxmQVaYxpzA/SvlB9oclGPbApw=="],

    "@esbuild/linux-x64": ["@esbuild/linux-x64@0.25.11", "", { "os": "linux", "cpu": "x64" }, "sha512-HSFAT4+WYjIhrHxKBwGmOOSpphjYkcswF449j6EjsjbinTZbp8PJtjsVK1XFJStdzXdy/jaddAep2FGY+wyFAQ=="],

    "@esbuild/netbsd-arm64": ["@esbuild/netbsd-arm64@0.25.11", "", { "os": "none", "cpu": "arm64" }, "sha512-hr9Oxj1Fa4r04dNpWr3P8QKVVsjQhqrMSUzZzf+LZcYjZNqhA3IAfPQdEh1FLVUJSiu6sgAwp3OmwBfbFgG2Xg=="],

    "@esbuild/netbsd-x64": ["@esbuild/netbsd-x64@0.25.11", "", { "os": "none", "cpu": "x64" }, "sha512-u7tKA+qbzBydyj0vgpu+5h5AeudxOAGncb8N6C9Kh1N4n7wU1Xw1JDApsRjpShRpXRQlJLb9wY28ELpwdPcZ7A=="],

    "@esbuild/openbsd-arm64": ["@esbuild/openbsd-arm64@0.25.11", "", { "os": "openbsd", "cpu": "arm64" }, "sha512-Qq6YHhayieor3DxFOoYM1q0q1uMFYb7cSpLD2qzDSvK1NAvqFi8Xgivv0cFC6J+hWVw2teCYltyy9/m/14ryHg=="],

    "@esbuild/openbsd-x64": ["@esbuild/openbsd-x64@0.25.11", "", { "os": "openbsd", "cpu": "x64" }, "sha512-CN+7c++kkbrckTOz5hrehxWN7uIhFFlmS/hqziSFVWpAzpWrQoAG4chH+nN3Be+Kzv/uuo7zhX716x3Sn2Jduw=="],

    "@esbuild/openharmony-arm64": ["@esbuild/openharmony-arm64@0.25.11", "", { "os": "none", "cpu": "arm64" }, "sha512-rOREuNIQgaiR+9QuNkbkxubbp8MSO9rONmwP5nKncnWJ9v5jQ4JxFnLu4zDSRPf3x4u+2VN4pM4RdyIzDty/wQ=="],

    "@esbuild/sunos-x64": ["@esbuild/sunos-x64@0.25.11", "", { "os": "sunos", "cpu": "x64" }, "sha512-nq2xdYaWxyg9DcIyXkZhcYulC6pQ2FuCgem3LI92IwMgIZ69KHeY8T4Y88pcwoLIjbed8n36CyKoYRDygNSGhA=="],

    "@esbuild/win32-arm64": ["@esbuild/win32-arm64@0.25.11", "", { "os": "win32", "cpu": "arm64" }, "sha512-3XxECOWJq1qMZ3MN8srCJ/QfoLpL+VaxD/WfNRm1O3B4+AZ/BnLVgFbUV3eiRYDMXetciH16dwPbbHqwe1uU0Q=="],

    "@esbuild/win32-ia32": ["@esbuild/win32-ia32@0.25.11", "", { "os": "win32", "cpu": "ia32" }, "sha512-3ukss6gb9XZ8TlRyJlgLn17ecsK4NSQTmdIXRASVsiS2sQ6zPPZklNJT5GR5tE/MUarymmy8kCEf5xPCNCqVOA=="],

    "@esbuild/win32-x64": ["@esbuild/win32-x64@0.25.11", "", { "os": "win32", "cpu": "x64" }, "sha512-D7Hpz6A2L4hzsRpPaCYkQnGOotdUpDzSGRIv9I+1ITdHROSFUWW95ZPZWQmGka1Fg7W3zFJowyn9WGwMJ0+KPA=="],

    "@hono/standard-validator": ["@hono/standard-validator@0.1.5", "", { "peerDependencies": { "@standard-schema/spec": "1.0.0", "hono": ">=3.9.0" } }, "sha512-EIyZPPwkyLn6XKwFj5NBEWHXhXbgmnVh2ceIFo5GO7gKI9WmzTjPDKnppQB0KrqKeAkq3kpoW4SIbu5X1dgx3w=="],

    "@isaacs/balanced-match": ["@isaacs/balanced-match@4.0.1", "", {}, "sha512-yzMTt9lEb8Gv7zRioUilSglI0c0smZ9k5D65677DLWLtWJaXIS3CqcGyUFByYKlnUj6TkjLVs54fBl6+TiGQDQ=="],

    "@isaacs/brace-expansion": ["@isaacs/brace-expansion@5.0.0", "", { "dependencies": { "@isaacs/balanced-match": "^4.0.1" } }, "sha512-ZT55BDLV0yv0RBm2czMiZ+SqCGO7AvmOM3G/w2xhVPH+te0aKgFjmBvGlL1dH+ql2tgGO3MVrbb3jCKyvpgnxA=="],

    "@nodelib/fs.scandir": ["@nodelib/fs.scandir@2.1.5", "", { "dependencies": { "@nodelib/fs.stat": "2.0.5", "run-parallel": "^1.1.9" } }, "sha512-vq24Bq3ym5HEQm2NKCr3yXDwjc7vTsEThRDnkp2DK9p1uqLR+DHurm/NOTo0KG7HYHU7eppKZj3MyqYuMBf62g=="],

    "@nodelib/fs.stat": ["@nodelib/fs.stat@2.0.5", "", {}, "sha512-RkhPPp2zrqDAQA/2jNhnztcPAlv64XdhIp7a7454A5ovI7Bukxgt7MX7udwAu3zg1DcpPU0rz3VV1SeaqvY4+A=="],

    "@nodelib/fs.walk": ["@nodelib/fs.walk@1.2.8", "", { "dependencies": { "@nodelib/fs.scandir": "2.1.5", "fastq": "^1.6.0" } }, "sha512-oGB+UxlgWcgQkgwo8GcEGwemoTFt3FIO9ababBmaGwXIoBKZ+GTy0pP185beGg7Llih/NSHSV2XAs1lnznocSg=="],

    "@rcmade/hono-docs": ["@rcmade/hono-docs@1.0.30", "", { "dependencies": { "esbuild-register": "^3.6.0", "ts-morph": "^26.0.0", "tsx": "^4.20.3", "yargs": "^18.0.0" }, "bin": { "hono-docs": "dist/cli/index.js" } }, "sha512-X+TI1Z6bPy9jpPtRhOFF18AhWNRx5uZ4jLRCmxwuNx4azkyu1zhO1PD9J1Wp2SjT+iTiTaY++FPq3q/BLMlEjg=="],

    "@scalar/core": ["@scalar/core@0.3.20", "", { "dependencies": { "@scalar/types": "0.3.2" } }, "sha512-bIlrePx41pSvjDcaJPa9YVVhbSm0N9SKQm2Fzl489S0bUVToyXIQtMFVR4i+BmXGjOcATm/66ELW4vdXRjHoRA=="],

    "@scalar/hono-api-reference": ["@scalar/hono-api-reference@0.9.22", "", { "dependencies": { "@scalar/core": "0.3.20" }, "peerDependencies": { "hono": "^4.0.0" } }, "sha512-utIz4F6YZj3QU/9HK4P1wIcHY8ceMbL7w+VahFbnmZbE3Gy+haaaHfhZOs2nAfdx1cKOhkm11/inZTtw8+I2bw=="],

    "@scalar/openapi-types": ["@scalar/openapi-types@0.5.0", "", { "dependencies": { "zod": "4.1.11" } }, "sha512-HJBcLa+/mPP+3TCcQngj/iW5UqynRosOQdEETXjmdy6Ngw8wBjwIcT6C86J5jufJ6sI8++HYnt+e7pAvp5FO6A=="],

    "@scalar/types": ["@scalar/types@0.3.2", "", { "dependencies": { "@scalar/openapi-types": "0.5.0", "nanoid": "5.1.5", "type-fest": "5.0.0", "zod": "4.1.11" } }, "sha512-+X10CCvG57nAqYbTGteiSzRFQcMYm7DLfCRMeEfiWQ9Bq2ladat17XsMSvkvwcfpOSlsoepWf3P5dErERUSOQQ=="],

    "@standard-community/standard-json": ["@standard-community/standard-json@0.3.5", "", { "peerDependencies": { "@standard-schema/spec": "^1.0.0", "@types/json-schema": "^7.0.15", "@valibot/to-json-schema": "^1.3.0", "arktype": "^2.1.20", "effect": "^3.16.8", "quansync": "^0.2.11", "sury": "^10.0.0", "typebox": "^1.0.17", "valibot": "^1.1.0", "zod": "^3.25.0 || ^4.0.0", "zod-to-json-schema": "^3.24.5" }, "optionalPeers": ["@valibot/to-json-schema", "arktype", "effect", "sury", "typebox", "valibot", "zod", "zod-to-json-schema"] }, "sha512-4+ZPorwDRt47i+O7RjyuaxHRK/37QY/LmgxlGrRrSTLYoFatEOzvqIc85GTlM18SFZ5E91C+v0o/M37wZPpUHA=="],

    "@standard-community/standard-openapi": ["@standard-community/standard-openapi@0.2.8", "", { "peerDependencies": { "@standard-community/standard-json": "^0.3.5", "@standard-schema/spec": "^1.0.0", "arktype": "^2.1.20", "effect": "^3.17.14", "openapi-types": "^12.1.3", "sury": "^10.0.0", "typebox": "^1.0.0", "valibot": "^1.1.0", "zod": "^3.25.0 || ^4.0.0", "zod-openapi": "^4" }, "optionalPeers": ["arktype", "effect", "sury", "typebox", "valibot", "zod", "zod-openapi"] }, "sha512-80ap74p5oy/SU4al5HkPwO5+NbN2wH/FBr6kwaE5ROq7AvcDFaxzUfTazewroNaCotbvdGcvzXb9oEoOIyfC/Q=="],

    "@standard-schema/spec": ["@standard-schema/spec@1.0.0", "", {}, "sha512-m2bOd0f2RT9k8QJx1JN85cZYyH1RqFBdlwtkSlf4tBDYLCiiZnv1fIIwacK6cqwXavOydf0NPToMQgpKq+dVlA=="],

    "@ts-morph/common": ["@ts-morph/common@0.27.0", "", { "dependencies": { "fast-glob": "^3.3.3", "minimatch": "^10.0.1", "path-browserify": "^1.0.1" } }, "sha512-Wf29UqxWDpc+i61k3oIOzcUfQt79PIT9y/MWfAGlrkjg6lBC1hwDECLXPVJAhWjiGbfBCxZd65F/LIZF3+jeJQ=="],

    "@types/bun": ["@types/bun@1.3.0", "", { "dependencies": { "bun-types": "1.3.0" } }, "sha512-+lAGCYjXjip2qY375xX/scJeVRmZ5cY0wyHYyCYxNcdEXrQ4AOe3gACgd4iQ8ksOslJtW4VNxBJ8llUwc3a6AA=="],

    "@types/json-schema": ["@types/json-schema@7.0.15", "", {}, "sha512-5+fP8P8MFNC+AyZCDxrB2pkZFPGzqQWUzpSeuuVLvm8VMcorNYavBqoFcxK8bQz4Qsbn4oUEEem4wDLfcysGHA=="],

    "@types/node": ["@types/node@24.9.1", "", { "dependencies": { "undici-types": "~7.16.0" } }, "sha512-QoiaXANRkSXK6p0Duvt56W208du4P9Uye9hWLWgGMDTEoKPhuenzNcC4vGUmrNkiOKTlIrBoyNQYNpSwfEZXSg=="],

    "@types/react": ["@types/react@19.2.2", "", { "dependencies": { "csstype": "^3.0.2" } }, "sha512-6mDvHUFSjyT2B2yeNx2nUgMxh9LtOWvkhIU3uePn2I2oyNymUAX1NIsdgviM4CH+JSrp2D2hsMvJOkxY+0wNRA=="],

    "ansi-regex": ["ansi-regex@6.2.2", "", {}, "sha512-Bq3SmSpyFHaWjPk8If9yc6svM8c56dB5BAtW4Qbw5jHTwwXXcTLoRMkpDJp6VL0XzlWaCHTXrkFURMYmD0sLqg=="],

    "ansi-styles": ["ansi-styles@6.2.3", "", {}, "sha512-4Dj6M28JB+oAH8kFkTLUo+a2jwOFkuqb3yucU0CANcRRUbxS0cP0nZYCGjcc3BNXwRIsUVmDGgzawme7zvJHvg=="],

    "braces": ["braces@3.0.3", "", { "dependencies": { "fill-range": "^7.1.1" } }, "sha512-yQbXgO/OSZVD2IsiLlro+7Hf6Q18EJrKSEsdoMzKePKXct3gvD8oLcOQdIzGupr5Fj+EDe8gO/lxc1BzfMpxvA=="],

    "bun-types": ["bun-types@1.3.0", "", { "dependencies": { "@types/node": "*" }, "peerDependencies": { "@types/react": "^19" } }, "sha512-u8X0thhx+yJ0KmkxuEo9HAtdfgCBaM/aI9K90VQcQioAmkVp3SG3FkwWGibUFz3WdXAdcsqOcbU40lK7tbHdkQ=="],

    "cliui": ["cliui@9.0.1", "", { "dependencies": { "string-width": "^7.2.0", "strip-ansi": "^7.1.0", "wrap-ansi": "^9.0.0" } }, "sha512-k7ndgKhwoQveBL+/1tqGJYNz097I7WOvwbmmU2AR5+magtbjPWQTS1C5vzGkBC8Ym8UWRzfKUzUUqFLypY4Q+w=="],

    "code-block-writer": ["code-block-writer@13.0.3", "", {}, "sha512-Oofo0pq3IKnsFtuHqSF7TqBfr71aeyZDVJ0HpmqB7FBM2qEigL0iPONSCZSO9pE9dZTAxANe5XHG9Uy0YMv8cg=="],

    "csstype": ["csstype@3.1.3", "", {}, "sha512-M1uQkMl8rQK/szD0LNhtqxIPLpimGm8sOBwU7lLnCpSbTyY3yeU1Vc7l4KT5zT4s/yOxHH5O7tIuuLOCnLADRw=="],

    "debug": ["debug@4.4.3", "", { "dependencies": { "ms": "^2.1.3" } }, "sha512-RGwwWnwQvkVfavKVt22FGLw+xYSdzARwm0ru6DhTVA3umU5hZc28V3kO4stgYryrTlLpuvgI9GiijltAjNbcqA=="],

    "emoji-regex": ["emoji-regex@10.6.0", "", {}, "sha512-toUI84YS5YmxW219erniWD0CIVOo46xGKColeNQRgOzDorgBi1v4D71/OFzgD9GO2UGKIv1C3Sp8DAn0+j5w7A=="],

    "esbuild": ["esbuild@0.25.11", "", { "optionalDependencies": { "@esbuild/aix-ppc64": "0.25.11", "@esbuild/android-arm": "0.25.11", "@esbuild/android-arm64": "0.25.11", "@esbuild/android-x64": "0.25.11", "@esbuild/darwin-arm64": "0.25.11", "@esbuild/darwin-x64": "0.25.11", "@esbuild/freebsd-arm64": "0.25.11", "@esbuild/freebsd-x64": "0.25.11", "@esbuild/linux-arm": "0.25.11", "@esbuild/linux-arm64": "0.25.11", "@esbuild/linux-ia32": "0.25.11", "@esbuild/linux-loong64": "0.25.11", "@esbuild/linux-mips64el": "0.25.11", "@esbuild/linux-ppc64": "0.25.11", "@esbuild/linux-riscv64": "0.25.11", "@esbuild/linux-s390x": "0.25.11", "@esbuild/linux-x64": "0.25.11", "@esbuild/netbsd-arm64": "0.25.11", "@esbuild/netbsd-x64": "0.25.11", "@esbuild/openbsd-arm64": "0.25.11", "@esbuild/openbsd-x64": "0.25.11", "@esbuild/openharmony-arm64": "0.25.11", "@esbuild/sunos-x64": "0.25.11", "@esbuild/win32-arm64": "0.25.11", "@esbuild/win32-ia32": "0.25.11", "@esbuild/win32-x64": "0.25.11" }, "bin": { "esbuild": "bin/esbuild" } }, "sha512-KohQwyzrKTQmhXDW1PjCv3Tyspn9n5GcY2RTDqeORIdIJY8yKIF7sTSopFmn/wpMPW4rdPXI0UE5LJLuq3bx0Q=="],

    "esbuild-register": ["esbuild-register@3.6.0", "", { "dependencies": { "debug": "^4.3.4" }, "peerDependencies": { "esbuild": ">=0.12 <1" } }, "sha512-H2/S7Pm8a9CL1uhp9OvjwrBh5Pvx0H8qVOxNu8Wed9Y7qv56MPtq+GGM8RJpq6glYJn9Wspr8uw7l55uyinNeg=="],

    "escalade": ["escalade@3.2.0", "", {}, "sha512-WUj2qlxaQtO4g6Pq5c29GTcWGDyd8itL8zTlipgECz3JesAiiOKotd8JU6otB3PACgG6xkJUyVhboMS+bje/jA=="],

    "fast-glob": ["fast-glob@3.3.3", "", { "dependencies": { "@nodelib/fs.stat": "^2.0.2", "@nodelib/fs.walk": "^1.2.3", "glob-parent": "^5.1.2", "merge2": "^1.3.0", "micromatch": "^4.0.8" } }, "sha512-7MptL8U0cqcFdzIzwOTHoilX9x5BrNqye7Z/LuC7kCMRio1EMSyqRK3BEAUD7sXRq4iT4AzTVuZdhgQ2TCvYLg=="],

    "fastq": ["fastq@1.19.1", "", { "dependencies": { "reusify": "^1.0.4" } }, "sha512-GwLTyxkCXjXbxqIhTsMI2Nui8huMPtnxg7krajPJAjnEG/iiOS7i+zCtWGZR9G0NBKbXKh6X9m9UIsYX/N6vvQ=="],

    "fill-range": ["fill-range@7.1.1", "", { "dependencies": { "to-regex-range": "^5.0.1" } }, "sha512-YsGpe3WHLK8ZYi4tWDg2Jy3ebRz2rXowDxnld4bkQB00cc/1Zw9AWnC0i9ztDJitivtQvaI9KaLyKrc+hBW0yg=="],

    "fsevents": ["fsevents@2.3.3", "", { "os": "darwin" }, "sha512-5xoDfX+fL7faATnagmWPpbFtwh/R77WmMMqqHGS65C3vvB0YHrgF+B1YmZ3441tMj5n63k0212XNoJwzlhffQw=="],

    "get-caller-file": ["get-caller-file@2.0.5", "", {}, "sha512-DyFP3BM/3YHTQOCUL/w0OZHR0lpKeGrxotcHWcqNEdnltqFwXVfhEBQ94eIo34AfQpo0rGki4cyIiftY06h2Fg=="],

    "get-east-asian-width": ["get-east-asian-width@1.4.0", "", {}, "sha512-QZjmEOC+IT1uk6Rx0sX22V6uHWVwbdbxf1faPqJ1QhLdGgsRGCZoyaQBm/piRdJy/D2um6hM1UP7ZEeQ4EkP+Q=="],

    "get-tsconfig": ["get-tsconfig@4.13.0", "", { "dependencies": { "resolve-pkg-maps": "^1.0.0" } }, "sha512-1VKTZJCwBrvbd+Wn3AOgQP/2Av+TfTCOlE4AcRJE72W1ksZXbAx8PPBR9RzgTeSPzlPMHrbANMH3LbltH73wxQ=="],

    "glob-parent": ["glob-parent@5.1.2", "", { "dependencies": { "is-glob": "^4.0.1" } }, "sha512-AOIgSQCepiJYwP3ARnGx+5VnTu2HBYdzbGP45eLw1vr3zB3vZLeyed1sC9hnbcOc9/SrMyM5RPQrkGz4aS9Zow=="],

    "hono": ["hono@4.10.2", "", {}, "sha512-p6fyzl+mQo6uhESLxbF5WlBOAJMDh36PljwlKtP5V1v09NxlqGru3ShK+4wKhSuhuYf8qxMmrivHOa/M7q0sMg=="],

    "hono-openapi": ["hono-openapi@1.1.0", "", { "peerDependencies": { "@hono/standard-validator": "^0.1.2", "@standard-community/standard-json": "^0.3.5", "@standard-community/standard-openapi": "^0.2.8", "@types/json-schema": "^7.0.15", "hono": "^4.8.3", "openapi-types": "^12.1.3" }, "optionalPeers": ["@hono/standard-validator", "hono"] }, "sha512-eA5hN8D2O30EkPPUxWFilcZcThAe81TShbH38Y183ZZp8WkgMh4BrPEDeZ/EFN2tyDi3cmTgKTa3+oStyJX0UA=="],

    "is-extglob": ["is-extglob@2.1.1", "", {}, "sha512-SbKbANkN603Vi4jEZv49LeVJMn4yGwsbzZworEoyEiutsN3nJYdbO36zfhGJ6QEDpOZIFkDtnq5JRxmvl3jsoQ=="],

    "is-glob": ["is-glob@4.0.3", "", { "dependencies": { "is-extglob": "^2.1.1" } }, "sha512-xelSayHH36ZgE7ZWhli7pW34hNbNl8Ojv5KVmkJD4hBdD3th8Tfk9vYasLM+mXWOZhFkgZfxhLSnrwRr4elSSg=="],

    "is-number": ["is-number@7.0.0", "", {}, "sha512-41Cifkg6e8TylSpdtTpeLVMqvSBEVzTttHvERD741+pnZ8ANv0004MRL43QKPDlK9cGvNp6NZWZUBlbGXYxxng=="],

    "merge2": ["merge2@1.4.1", "", {}, "sha512-8q7VEgMJW4J8tcfVPy8g09NcQwZdbwFEqhe/WZkoIzjn/3TGDwtOCYtXGxA3O8tPzpczCCDgv+P2P5y00ZJOOg=="],

    "micromatch": ["micromatch@4.0.8", "", { "dependencies": { "braces": "^3.0.3", "picomatch": "^2.3.1" } }, "sha512-PXwfBhYu0hBCPw8Dn0E+WDYb7af3dSLVWKi3HGv84IdF4TyFoC0ysxFd0Goxw7nSv4T/PzEJQxsYsEiFCKo2BA=="],

    "minimatch": ["minimatch@10.0.3", "", { "dependencies": { "@isaacs/brace-expansion": "^5.0.0" } }, "sha512-IPZ167aShDZZUMdRk66cyQAW3qr0WzbHkPdMYa8bzZhlHhO3jALbKdxcaak7W9FfT2rZNpQuUu4Od7ILEpXSaw=="],

    "ms": ["ms@2.1.3", "", {}, "sha512-6FlzubTLZG3J2a/NVCAleEhjzq5oxgHyaCU9yYXvcLsvoVaHJq/s5xXI6/XXP6tz7R9xAOtHnSO/tXtF3WRTlA=="],

    "nanoid": ["nanoid@5.1.5", "", { "bin": { "nanoid": "bin/nanoid.js" } }, "sha512-Ir/+ZpE9fDsNH0hQ3C68uyThDXzYcim2EqcZ8zn8Chtt1iylPT9xXJB0kPCnqzgcEGikO9RxSrh63MsmVCU7Fw=="],

    "openapi-types": ["openapi-types@12.1.3", "", {}, "sha512-N4YtSYJqghVu4iek2ZUvcN/0aqH1kRDuNqzcycDxhOUpg7GdvLa2F3DgS6yBNhInhv2r/6I0Flkn7CqL8+nIcw=="],

    "path-browserify": ["path-browserify@1.0.1", "", {}, "sha512-b7uo2UCUOYZcnF/3ID0lulOJi/bafxa1xPe7ZPsammBSpjSWQkjNxlt635YGS2MiR9GjvuXCtz2emr3jbsz98g=="],

    "picomatch": ["picomatch@2.3.1", "", {}, "sha512-JU3teHTNjmE2VCGFzuY8EXzCDVwEqB2a8fsIvwaStHhAWJEeVd1o1QD80CU6+ZdEXXSLbSsuLwJjkCBWqRQUVA=="],

    "quansync": ["quansync@0.2.11", "", {}, "sha512-AifT7QEbW9Nri4tAwR5M/uzpBuqfZf+zwaEM/QkzEjj7NBuFD2rBuy0K3dE+8wltbezDV7JMA0WfnCPYRSYbXA=="],

    "queue-microtask": ["queue-microtask@1.2.3", "", {}, "sha512-NuaNSa6flKT5JaSYQzJok04JzTL1CA6aGhv5rfLW3PgqA+M2ChpZQnAC8h8i4ZFkBS8X5RqkDBHA7r4hej3K9A=="],

    "resolve-pkg-maps": ["resolve-pkg-maps@1.0.0", "", {}, "sha512-seS2Tj26TBVOC2NIc2rOe2y2ZO7efxITtLZcGSOnHHNOQ7CkiUBfw0Iw2ck6xkIhPwLhKNLS8BO+hEpngQlqzw=="],

    "reusify": ["reusify@1.1.0", "", {}, "sha512-g6QUff04oZpHs0eG5p83rFLhHeV00ug/Yf9nZM6fLeUrPguBTkTQOdpAWWspMh55TZfVQDPaN3NQJfbVRAxdIw=="],

    "run-parallel": ["run-parallel@1.2.0", "", { "dependencies": { "queue-microtask": "^1.2.2" } }, "sha512-5l4VyZR86LZ/lDxZTR6jqL8AFE2S0IFLMP26AbjsLVADxHdhB/c0GUsH+y39UfCi3dzz8OlQuPmnaJOMoDHQBA=="],

    "string-width": ["string-width@7.2.0", "", { "dependencies": { "emoji-regex": "^10.3.0", "get-east-asian-width": "^1.0.0", "strip-ansi": "^7.1.0" } }, "sha512-tsaTIkKW9b4N+AEj+SVA+WhJzV7/zMhcSu78mLKWSk7cXMOSHsBKFWUs0fWwq8QyK3MgJBQRX6Gbi4kYbdvGkQ=="],

    "strip-ansi": ["strip-ansi@7.1.2", "", { "dependencies": { "ansi-regex": "^6.0.1" } }, "sha512-gmBGslpoQJtgnMAvOVqGZpEz9dyoKTCzy2nfz/n8aIFhN/jCE/rCmcxabB6jOOHV+0WNnylOxaxBQPSvcWklhA=="],

    "tagged-tag": ["tagged-tag@1.0.0", "", {}, "sha512-yEFYrVhod+hdNyx7g5Bnkkb0G6si8HJurOoOEgC8B/O0uXLHlaey/65KRv6cuWBNhBgHKAROVpc7QyYqE5gFng=="],

    "to-regex-range": ["to-regex-range@5.0.1", "", { "dependencies": { "is-number": "^7.0.0" } }, "sha512-65P7iz6X5yEr1cwcgvQxbbIw7Uk3gOy5dIdtZ4rDveLqhrdJP+Li/Hx6tyK0NEb+2GCyneCMJiGqrADCSNk8sQ=="],

    "ts-morph": ["ts-morph@26.0.0", "", { "dependencies": { "@ts-morph/common": "~0.27.0", "code-block-writer": "^13.0.3" } }, "sha512-ztMO++owQnz8c/gIENcM9XfCEzgoGphTv+nKpYNM1bgsdOVC/jRZuEBf6N+mLLDNg68Kl+GgUZfOySaRiG1/Ug=="],

    "tsx": ["tsx@4.20.6", "", { "dependencies": { "esbuild": "~0.25.0", "get-tsconfig": "^4.7.5" }, "optionalDependencies": { "fsevents": "~2.3.3" }, "bin": { "tsx": "dist/cli.mjs" } }, "sha512-ytQKuwgmrrkDTFP4LjR0ToE2nqgy886GpvRSpU0JAnrdBYppuY5rLkRUYPU1yCryb24SsKBTL/hlDQAEFVwtZg=="],

    "type-fest": ["type-fest@5.0.0", "", { "dependencies": { "tagged-tag": "^1.0.0" } }, "sha512-GeJop7+u7BYlQ6yQCAY1nBQiRSHR+6OdCEtd8Bwp9a3NK3+fWAVjOaPKJDteB9f6cIJ0wt4IfnScjLG450EpXA=="],

    "undici-types": ["undici-types@7.16.0", "", {}, "sha512-Zz+aZWSj8LE6zoxD+xrjh4VfkIG8Ya6LvYkZqtUQGJPZjYl53ypCaUwWqo7eI0x66KBGeRo+mlBEkMSeSZ38Nw=="],

    "wrap-ansi": ["wrap-ansi@9.0.2", "", { "dependencies": { "ansi-styles": "^6.2.1", "string-width": "^7.0.0", "strip-ansi": "^7.1.0" } }, "sha512-42AtmgqjV+X1VpdOfyTGOYRi0/zsoLqtXQckTmqTeybT+BDIbM/Guxo7x3pE2vtpr1ok6xRqM9OpBe+Jyoqyww=="],

    "y18n": ["y18n@5.0.8", "", {}, "sha512-0pfFzegeDWJHJIAmTLRP2DwHjdF5s7jo9tuztdQxAhINCdvS+3nGINqPd00AphqJR/0LhANUS6/+7SCb98YOfA=="],

    "yargs": ["yargs@18.0.0", "", { "dependencies": { "cliui": "^9.0.1", "escalade": "^3.1.1", "get-caller-file": "^2.0.5", "string-width": "^7.2.0", "y18n": "^5.0.5", "yargs-parser": "^22.0.0" } }, "sha512-4UEqdc2RYGHZc7Doyqkrqiln3p9X2DZVxaGbwhn2pi7MrRagKaOcIKe8L3OxYcbhXLgLFUS3zAYuQjKBQgmuNg=="],

    "yargs-parser": ["yargs-parser@22.0.0", "", {}, "sha512-rwu/ClNdSMpkSrUb+d6BRsSkLUq1fmfsY6TOpYzTwvwkg1/NRG85KBy3kq++A8LKQwX6lsu+aWad+2khvuXrqw=="],

    "zod": ["zod@4.1.12", "", {}, "sha512-JInaHOamG8pt5+Ey8kGmdcAcg3OL9reK8ltczgHTAwNhMys/6ThXHityHxVV2p3fkw/c+MAvBHFVYHFZDmjMCQ=="],

    "zod-openapi": ["zod-openapi@5.4.3", "", { "peerDependencies": { "zod": "^3.25.74 || ^4.0.0" } }, "sha512-6kJ/gJdvHZtuxjYHoMtkl2PixCwRuZ/s79dVkEr7arHvZGXfx7Cvh53X3HfJ5h9FzGelXOXlnyjwfX0sKEPByw=="],

    "@scalar/openapi-types/zod": ["zod@4.1.11", "", {}, "sha512-WPsqwxITS2tzx1bzhIKsEs19ABD5vmCVa4xBo2tq/SrV4RNZtfws1EnCWQXM6yh8bD08a1idvkB5MZSBiZsjwg=="],

    "@scalar/types/zod": ["zod@4.1.11", "", {}, "sha512-WPsqwxITS2tzx1bzhIKsEs19ABD5vmCVa4xBo2tq/SrV4RNZtfws1EnCWQXM6yh8bD08a1idvkB5MZSBiZsjwg=="],
  }
}
